<?xml version="1.0" encoding="utf-8"?>
<Project ToolsVersion="4.0" xmlns="http://schemas.microsoft.com/developer/msbuild/2003">
  <ItemGroup>
    <ClCompile Include="Bloom.cpp" />
    <ClCompile Include="Blur.cpp" />
    <ClCompile Include="Camera.cpp" />
    <ClCompile Include="Display.cpp" />
    <ClCompile Include="FinalFBO.cpp" />
    <ClCompile Include="GBuffer.cpp" />
    <ClCompile Include="InputHandler.cpp" />
    <ClCompile Include="Main.cpp" />
    <ClCompile Include="Mesh.cpp" />
    <ClCompile Include="Object.cpp" />
    <ClCompile Include="ObjectHandler.cpp" />
    <ClCompile Include="Particle.cpp" />
    <ClCompile Include="Player.cpp" />
    <ClCompile Include="PointLight.cpp" />
    <ClCompile Include="Shader.cpp" />
    <ClCompile Include="ShadowMap.cpp" />
    <ClCompile Include="stb_image.c" />
    <ClCompile Include="Texture.cpp" />
    <ClCompile Include="timer.c" />
    <ClCompile Include="MazeGeneratePNG.cpp" />
  </ItemGroup>
  <ItemGroup>
<<<<<<< HEAD
    <ClCompile Include="Main.cpp">
      <Filter>Source Files</Filter>
    </ClCompile>
    <ClCompile Include="Display.cpp">
      <Filter>Class cpp.Files</Filter>
    </ClCompile>
    <ClCompile Include="Shader.cpp">
      <Filter>Class cpp.Files</Filter>
    </ClCompile>
    <ClCompile Include="Mesh.cpp">
      <Filter>Class cpp.Files</Filter>
    </ClCompile>
    <ClCompile Include="stb_image.c">
      <Filter>Source Files</Filter>
    </ClCompile>
    <ClCompile Include="Texture.cpp">
      <Filter>Class cpp.Files</Filter>
    </ClCompile>
    <ClCompile Include="Object.cpp">
      <Filter>Class cpp.Files</Filter>
    </ClCompile>
    <ClCompile Include="ObjectHandler.cpp">
      <Filter>Class cpp.Files</Filter>
    </ClCompile>
    <ClCompile Include="timer.c">
      <Filter>Resource Files</Filter>
    </ClCompile>
    <ClCompile Include="GBuffer.cpp">
      <Filter>Class cpp.Files</Filter>
    </ClCompile>
    <ClCompile Include="PointLight.cpp">
      <Filter>Class cpp.Files</Filter>
    </ClCompile>
    <ClCompile Include="Camera.cpp">
      <Filter>Class cpp.Files</Filter>
    </ClCompile>
    <ClCompile Include="Particle.cpp">
      <Filter>Class cpp.Files</Filter>
    </ClCompile>
    <ClCompile Include="Bloom.cpp">
      <Filter>Class cpp.Files</Filter>
    </ClCompile>
    <ClCompile Include="Blur.cpp">
      <Filter>Class cpp.Files</Filter>
    </ClCompile>
    <ClCompile Include="FinalFBO.cpp">
      <Filter>Class cpp.Files</Filter>
    </ClCompile>
    <ClCompile Include="ShadowMap.cpp">
      <Filter>Class cpp.Files</Filter>
    </ClCompile>
<<<<<<< HEAD
    <ClCompile Include="Player.cpp">
=======
    <ClCompile Include="InputHandler.cpp">
>>>>>>> mouseLookAround
      <Filter>Source Files</Filter>
    </ClCompile>
  </ItemGroup>
  <ItemGroup>
    <ClInclude Include="Display.h">
      <Filter>Class h.Files</Filter>
    </ClInclude>
    <ClInclude Include="Shader.h">
      <Filter>Class h.Files</Filter>
    </ClInclude>
    <ClInclude Include="Mesh.h">
      <Filter>Class h.Files</Filter>
    </ClInclude>
    <ClInclude Include="stb_image.h">
      <Filter>Header Files</Filter>
    </ClInclude>
    <ClInclude Include="Texture.h">
      <Filter>Class h.Files</Filter>
    </ClInclude>
    <ClInclude Include="Transform.h">
      <Filter>Header Files</Filter>
    </ClInclude>
    <ClInclude Include="Camera.h">
      <Filter>Class h.Files</Filter>
    </ClInclude>
    <ClInclude Include="Object.h">
      <Filter>Class h.Files</Filter>
    </ClInclude>
    <ClInclude Include="ObjectHandler.h">
      <Filter>Class h.Files</Filter>
    </ClInclude>
    <ClInclude Include="timer.h">
      <Filter>Resource Files</Filter>
    </ClInclude>
    <ClInclude Include="GBuffer.h">
      <Filter>Class h.Files</Filter>
    </ClInclude>
    <ClInclude Include="PointLight.h">
      <Filter>Class h.Files</Filter>
    </ClInclude>
    <ClInclude Include="Particle.h">
      <Filter>Class h.Files</Filter>
    </ClInclude>
    <ClInclude Include="Bloom.h">
      <Filter>Class h.Files</Filter>
    </ClInclude>
    <ClInclude Include="Blur.h">
      <Filter>Class h.Files</Filter>
    </ClInclude>
    <ClInclude Include="FinalFBO.h">
      <Filter>Class h.Files</Filter>
    </ClInclude>
    <ClInclude Include="ShadowMap.h">
      <Filter>Class h.Files</Filter>
    </ClInclude>
<<<<<<< HEAD
    <ClInclude Include="Player.h">
=======
    <ClInclude Include="InputHandler.h">
>>>>>>> mouseLookAround
      <Filter>Header Files</Filter>
    </ClInclude>
  </ItemGroup>
  <ItemGroup>
    <None Include="lightPass.fs">
      <Filter>Shader Files</Filter>
    </None>
    <None Include="lightPass.vs">
      <Filter>Shader Files</Filter>
    </None>
    <None Include="geometryPass.fs">
      <Filter>Shader Files</Filter>
    </None>
    <None Include="geometryPass.gs">
      <Filter>Shader Files</Filter>
    </None>
    <None Include="geometryPass.vs">
      <Filter>Shader Files</Filter>
    </None>
    <None Include="particleShader.vs">
      <Filter>Shader Files</Filter>
    </None>
    <None Include="particleShader.fs">
      <Filter>Shader Files</Filter>
    </None>
    <None Include="pointLightShader.vs">
      <Filter>Shader Files</Filter>
    </None>
    <None Include="pointLightShader.fs">
      <Filter>Shader Files</Filter>
    </None>
    <None Include="blurShader.fs">
      <Filter>Shader Files</Filter>
    </None>
    <None Include="blurShader.vs">
      <Filter>Shader Files</Filter>
    </None>
    <None Include="finalBloomShader.fs">
      <Filter>Shader Files</Filter>
    </None>
    <None Include="finalBloomShader.vs">
      <Filter>Shader Files</Filter>
    </None>
    <None Include="finalShader.vs">
      <Filter>Shader Files</Filter>
    </None>
    <None Include="finalShader.fs">
      <Filter>Shader Files</Filter>
    </None>
    <None Include="shadowShader.vs">
      <Filter>Shader Files</Filter>
    </None>
    <None Include="shadowShader.gs">
      <Filter>Shader Files</Filter>
    </None>
    <None Include="shadowShader.fs">
      <Filter>Shader Files</Filter>
    </None>
=======
    <ClInclude Include="Bloom.h" />
    <ClInclude Include="Blur.h" />
    <ClInclude Include="Camera.h" />
    <ClInclude Include="Display.h" />
    <ClInclude Include="FinalFBO.h" />
    <ClInclude Include="GBuffer.h" />
    <ClInclude Include="InputHandler.h" />
    <ClInclude Include="Mesh.h" />
    <ClInclude Include="Object.h" />
    <ClInclude Include="ObjectHandler.h" />
    <ClInclude Include="Particle.h" />
    <ClInclude Include="Player.h" />
    <ClInclude Include="PointLight.h" />
    <ClInclude Include="Shader.h" />
    <ClInclude Include="ShadowMap.h" />
    <ClInclude Include="stb_image.h" />
    <ClInclude Include="Texture.h" />
    <ClInclude Include="timer.h" />
    <ClInclude Include="Transform.h" />
    <ClInclude Include="MazeGeneratePNG.h" />
  </ItemGroup>
  <ItemGroup>
    <None Include="blurShader.fs" />
    <None Include="blurShader.vs" />
    <None Include="finalBloomShader.fs" />
    <None Include="finalBloomShader.vs" />
    <None Include="finalShader.fs" />
    <None Include="finalShader.vs" />
    <None Include="lightPass.fs" />
    <None Include="lightPass.vs" />
    <None Include="geometryPass.fs" />
    <None Include="geometryPass.gs" />
    <None Include="geometryPass.vs" />
    <None Include="particleShader.fs" />
    <None Include="particleShader.vs" />
    <None Include="pointLightShader.fs" />
    <None Include="pointLightShader.vs" />
    <None Include="shadowShader.fs" />
    <None Include="shadowShader.gs" />
    <None Include="shadowShader.vs" />
>>>>>>> generateMazeBitmap
  </ItemGroup>
</Project>